// !$*UTF8*$!
{
	archiveVersion = 1;
	classes = {
	};
	objectVersion = 46;
	objects = {

/* Begin PBXBuildFile section */
		1C0BAFE3199D1EB9009D2F3D /* Foundation.framework in Frameworks */ = {isa = PBXBuildFile; fileRef = 1C0BAFE2199D1EB9009D2F3D /* Foundation.framework */; };
		1C0BAFE5199D1EB9009D2F3D /* CoreGraphics.framework in Frameworks */ = {isa = PBXBuildFile; fileRef = 1C0BAFE4199D1EB9009D2F3D /* CoreGraphics.framework */; };
		1C0BAFE7199D1EB9009D2F3D /* UIKit.framework in Frameworks */ = {isa = PBXBuildFile; fileRef = 1C0BAFE6199D1EB9009D2F3D /* UIKit.framework */; };
		1C0BAFED199D1EB9009D2F3D /* InfoPlist.strings in Resources */ = {isa = PBXBuildFile; fileRef = 1C0BAFEB199D1EB9009D2F3D /* InfoPlist.strings */; };
		1C0BAFEF199D1EB9009D2F3D /* main.m in Sources */ = {isa = PBXBuildFile; fileRef = 1C0BAFEE199D1EB9009D2F3D /* main.m */; };
		1C0BAFF3199D1EB9009D2F3D /* BWAppDelegate.m in Sources */ = {isa = PBXBuildFile; fileRef = 1C0BAFF2199D1EB9009D2F3D /* BWAppDelegate.m */; };
		1C0BAFF6199D1EB9009D2F3D /* Main.storyboard in Resources */ = {isa = PBXBuildFile; fileRef = 1C0BAFF4199D1EB9009D2F3D /* Main.storyboard */; };
		1C0BAFF9199D1EB9009D2F3D /* BWViewController.m in Sources */ = {isa = PBXBuildFile; fileRef = 1C0BAFF8199D1EB9009D2F3D /* BWViewController.m */; };
		1C0BAFFB199D1EB9009D2F3D /* Images.xcassets in Resources */ = {isa = PBXBuildFile; fileRef = 1C0BAFFA199D1EB9009D2F3D /* Images.xcassets */; };
		1C0BB002199D1EB9009D2F3D /* XCTest.framework in Frameworks */ = {isa = PBXBuildFile; fileRef = 1C0BB001199D1EB9009D2F3D /* XCTest.framework */; };
		1C0BB003199D1EB9009D2F3D /* Foundation.framework in Frameworks */ = {isa = PBXBuildFile; fileRef = 1C0BAFE2199D1EB9009D2F3D /* Foundation.framework */; };
		1C0BB004199D1EB9009D2F3D /* UIKit.framework in Frameworks */ = {isa = PBXBuildFile; fileRef = 1C0BAFE6199D1EB9009D2F3D /* UIKit.framework */; };
		1C0BB00C199D1EB9009D2F3D /* InfoPlist.strings in Resources */ = {isa = PBXBuildFile; fileRef = 1C0BB00A199D1EB9009D2F3D /* InfoPlist.strings */; };
		1C0BB00E199D1EB9009D2F3D /* Man_s_Best_FriendTests.m in Sources */ = {isa = PBXBuildFile; fileRef = 1C0BB00D199D1EB9009D2F3D /* Man_s_Best_FriendTests.m */; };
		1C0BB019199D2189009D2F3D /* BWDog.m in Sources */ = {isa = PBXBuildFile; fileRef = 1C0BB018199D2189009D2F3D /* BWDog.m */; };
		1C0BB021199D472F009D2F3D /* Bo.jpg in Resources */ = {isa = PBXBuildFile; fileRef = 1C0BB01C199D472F009D2F3D /* Bo.jpg */; };
		1C0BB022199D472F009D2F3D /* BorderCollie.jpg in Resources */ = {isa = PBXBuildFile; fileRef = 1C0BB01D199D472F009D2F3D /* BorderCollie.jpg */; };
		1C0BB023199D472F009D2F3D /* ItalianGreyhound.jpg in Resources */ = {isa = PBXBuildFile; fileRef = 1C0BB01E199D472F009D2F3D /* ItalianGreyhound.jpg */; };
		1C0BB024199D472F009D2F3D /* JRT.jpg in Resources */ = {isa = PBXBuildFile; fileRef = 1C0BB01F199D472F009D2F3D /* JRT.jpg */; };
		1C0BB025199D472F009D2F3D /* St.Bernard.JPG in Resources */ = {isa = PBXBuildFile; fileRef = 1C0BB020199D472F009D2F3D /* St.Bernard.JPG */; };
		1C0BB028199D592B009D2F3D /* BWPuppy.m in Sources */ = {isa = PBXBuildFile; fileRef = 1C0BB027199D592B009D2F3D /* BWPuppy.m */; };
/* End PBXBuildFile section */

/* Begin PBXContainerItemProxy section */
		1C0BB005199D1EB9009D2F3D /* PBXContainerItemProxy */ = {
			isa = PBXContainerItemProxy;
			containerPortal = 1C0BAFD7199D1EB9009D2F3D /* Project object */;
			proxyType = 1;
			remoteGlobalIDString = 1C0BAFDE199D1EB9009D2F3D;
			remoteInfo = "Man's Best Friend";
		};
/* End PBXContainerItemProxy section */

/* Begin PBXFileReference section */
		1C0BAFDF199D1EB9009D2F3D /* Man's Best Friend.app */ = {isa = PBXFileReference; explicitFileType = wrapper.application; includeInIndex = 0; path = "Man's Best Friend.app"; sourceTree = BUILT_PRODUCTS_DIR; };
		1C0BAFE2199D1EB9009D2F3D /* Foundation.framework */ = {isa = PBXFileReference; lastKnownFileType = wrapper.framework; name = Foundation.framework; path = System/Library/Frameworks/Foundation.framework; sourceTree = SDKROOT; };
		1C0BAFE4199D1EB9009D2F3D /* CoreGraphics.framework */ = {isa = PBXFileReference; lastKnownFileType = wrapper.framework; name = CoreGraphics.framework; path = System/Library/Frameworks/CoreGraphics.framework; sourceTree = SDKROOT; };
		1C0BAFE6199D1EB9009D2F3D /* UIKit.framework */ = {isa = PBXFileReference; lastKnownFileType = wrapper.framework; name = UIKit.framework; path = System/Library/Frameworks/UIKit.framework; sourceTree = SDKROOT; };
		1C0BAFEA199D1EB9009D2F3D /* Man's Best Friend-Info.plist */ = {isa = PBXFileReference; lastKnownFileType = text.plist.xml; path = "Man's Best Friend-Info.plist"; sourceTree = "<group>"; };
		1C0BAFEC199D1EB9009D2F3D /* en */ = {isa = PBXFileReference; lastKnownFileType = text.plist.strings; name = en; path = en.lproj/InfoPlist.strings; sourceTree = "<group>"; };
		1C0BAFEE199D1EB9009D2F3D /* main.m */ = {isa = PBXFileReference; lastKnownFileType = sourcecode.c.objc; path = main.m; sourceTree = "<group>"; };
		1C0BAFF0199D1EB9009D2F3D /* Man's Best Friend-Prefix.pch */ = {isa = PBXFileReference; lastKnownFileType = sourcecode.c.h; path = "Man's Best Friend-Prefix.pch"; sourceTree = "<group>"; };
		1C0BAFF1199D1EB9009D2F3D /* BWAppDelegate.h */ = {isa = PBXFileReference; lastKnownFileType = sourcecode.c.h; path = BWAppDelegate.h; sourceTree = "<group>"; };
		1C0BAFF2199D1EB9009D2F3D /* BWAppDelegate.m */ = {isa = PBXFileReference; lastKnownFileType = sourcecode.c.objc; path = BWAppDelegate.m; sourceTree = "<group>"; };
		1C0BAFF5199D1EB9009D2F3D /* Base */ = {isa = PBXFileReference; lastKnownFileType = file.storyboard; name = Base; path = Base.lproj/Main.storyboard; sourceTree = "<group>"; };
		1C0BAFF7199D1EB9009D2F3D /* BWViewController.h */ = {isa = PBXFileReference; lastKnownFileType = sourcecode.c.h; path = BWViewController.h; sourceTree = "<group>"; };
		1C0BAFF8199D1EB9009D2F3D /* BWViewController.m */ = {isa = PBXFileReference; lastKnownFileType = sourcecode.c.objc; path = BWViewController.m; sourceTree = "<group>"; };
		1C0BAFFA199D1EB9009D2F3D /* Images.xcassets */ = {isa = PBXFileReference; lastKnownFileType = folder.assetcatalog; path = Images.xcassets; sourceTree = "<group>"; };
		1C0BB000199D1EB9009D2F3D /* Man's Best FriendTests.xctest */ = {isa = PBXFileReference; explicitFileType = wrapper.cfbundle; includeInIndex = 0; path = "Man's Best FriendTests.xctest"; sourceTree = BUILT_PRODUCTS_DIR; };
		1C0BB001199D1EB9009D2F3D /* XCTest.framework */ = {isa = PBXFileReference; lastKnownFileType = wrapper.framework; name = XCTest.framework; path = Library/Frameworks/XCTest.framework; sourceTree = DEVELOPER_DIR; };
		1C0BB009199D1EB9009D2F3D /* Man's Best FriendTests-Info.plist */ = {isa = PBXFileReference; lastKnownFileType = text.plist.xml; path = "Man's Best FriendTests-Info.plist"; sourceTree = "<group>"; };
		1C0BB00B199D1EB9009D2F3D /* en */ = {isa = PBXFileReference; lastKnownFileType = text.plist.strings; name = en; path = en.lproj/InfoPlist.strings; sourceTree = "<group>"; };
		1C0BB00D199D1EB9009D2F3D /* Man_s_Best_FriendTests.m */ = {isa = PBXFileReference; lastKnownFileType = sourcecode.c.objc; path = Man_s_Best_FriendTests.m; sourceTree = "<group>"; };
		1C0BB017199D2189009D2F3D /* BWDog.h */ = {isa = PBXFileReference; fileEncoding = 4; lastKnownFileType = sourcecode.c.h; name = BWDog.h; path = ../BWDog.h; sourceTree = "<group>"; };
		1C0BB018199D2189009D2F3D /* BWDog.m */ = {isa = PBXFileReference; fileEncoding = 4; lastKnownFileType = sourcecode.c.objc; name = BWDog.m; path = ../BWDog.m; sourceTree = "<group>"; };
		1C0BB01C199D472F009D2F3D /* Bo.jpg */ = {isa = PBXFileReference; lastKnownFileType = image.jpeg; path = Bo.jpg; sourceTree = "<group>"; };
		1C0BB01D199D472F009D2F3D /* BorderCollie.jpg */ = {isa = PBXFileReference; lastKnownFileType = image.jpeg; path = BorderCollie.jpg; sourceTree = "<group>"; };
		1C0BB01E199D472F009D2F3D /* ItalianGreyhound.jpg */ = {isa = PBXFileReference; lastKnownFileType = image.jpeg; path = ItalianGreyhound.jpg; sourceTree = "<group>"; };
		1C0BB01F199D472F009D2F3D /* JRT.jpg */ = {isa = PBXFileReference; lastKnownFileType = image.jpeg; path = JRT.jpg; sourceTree = "<group>"; };
		1C0BB020199D472F009D2F3D /* St.Bernard.JPG */ = {isa = PBXFileReference; lastKnownFileType = image.jpeg; path = St.Bernard.JPG; sourceTree = "<group>"; };
		1C0BB026199D592B009D2F3D /* BWPuppy.h */ = {isa = PBXFileReference; fileEncoding = 4; lastKnownFileType = sourcecode.c.h; path = BWPuppy.h; sourceTree = "<group>"; };
		1C0BB027199D592B009D2F3D /* BWPuppy.m */ = {isa = PBXFileReference; fileEncoding = 4; lastKnownFileType = sourcecode.c.objc; path = BWPuppy.m; sourceTree = "<group>"; };
/* End PBXFileReference section */

/* Begin PBXFrameworksBuildPhase section */
		1C0BAFDC199D1EB9009D2F3D /* Frameworks */ = {
			isa = PBXFrameworksBuildPhase;
			buildActionMask = 2147483647;
			files = (
				1C0BAFE5199D1EB9009D2F3D /* CoreGraphics.framework in Frameworks */,
				1C0BAFE7199D1EB9009D2F3D /* UIKit.framework in Frameworks */,
				1C0BAFE3199D1EB9009D2F3D /* Foundation.framework in Frameworks */,
			);
			runOnlyForDeploymentPostprocessing = 0;
		};
		1C0BAFFD199D1EB9009D2F3D /* Frameworks */ = {
			isa = PBXFrameworksBuildPhase;
			buildActionMask = 2147483647;
			files = (
				1C0BB002199D1EB9009D2F3D /* XCTest.framework in Frameworks */,
				1C0BB004199D1EB9009D2F3D /* UIKit.framework in Frameworks */,
				1C0BB003199D1EB9009D2F3D /* Foundation.framework in Frameworks */,
			);
			runOnlyForDeploymentPostprocessing = 0;
		};
/* End PBXFrameworksBuildPhase section */

/* Begin PBXGroup section */
		1C0BAFD6199D1EB9009D2F3D = {
			isa = PBXGroup;
			children = (
				1C0BAFE8199D1EB9009D2F3D /* Man's Best Friend */,
				1C0BB007199D1EB9009D2F3D /* Man's Best FriendTests */,
				1C0BAFE1199D1EB9009D2F3D /* Frameworks */,
				1C0BAFE0199D1EB9009D2F3D /* Products */,
			);
			sourceTree = "<group>";
		};
		1C0BAFE0199D1EB9009D2F3D /* Products */ = {
			isa = PBXGroup;
			children = (
				1C0BAFDF199D1EB9009D2F3D /* Man's Best Friend.app */,
				1C0BB000199D1EB9009D2F3D /* Man's Best FriendTests.xctest */,
			);
			name = Products;
			sourceTree = "<group>";
		};
		1C0BAFE1199D1EB9009D2F3D /* Frameworks */ = {
			isa = PBXGroup;
			children = (
				1C0BAFE2199D1EB9009D2F3D /* Foundation.framework */,
				1C0BAFE4199D1EB9009D2F3D /* CoreGraphics.framework */,
				1C0BAFE6199D1EB9009D2F3D /* UIKit.framework */,
				1C0BB001199D1EB9009D2F3D /* XCTest.framework */,
			);
			name = Frameworks;
			sourceTree = "<group>";
		};
		1C0BAFE8199D1EB9009D2F3D /* Man's Best Friend */ = {
			isa = PBXGroup;
			children = (
				1C0BAFF1199D1EB9009D2F3D /* BWAppDelegate.h */,
				1C0BAFF2199D1EB9009D2F3D /* BWAppDelegate.m */,
				1C0BAFF7199D1EB9009D2F3D /* BWViewController.h */,
				1C0BAFF8199D1EB9009D2F3D /* BWViewController.m */,
				1C0BB017199D2189009D2F3D /* BWDog.h */,
				1C0BB018199D2189009D2F3D /* BWDog.m */,
				1C0BB026199D592B009D2F3D /* BWPuppy.h */,
				1C0BB027199D592B009D2F3D /* BWPuppy.m */,
				1C0BAFF4199D1EB9009D2F3D /* Main.storyboard */,
				1C0BAFFA199D1EB9009D2F3D /* Images.xcassets */,
				1C0BAFE9199D1EB9009D2F3D /* Supporting Files */,
			);
			path = "Man's Best Friend";
			sourceTree = "<group>";
		};
		1C0BAFE9199D1EB9009D2F3D /* Supporting Files */ = {
			isa = PBXGroup;
			children = (
				1C0BB01C199D472F009D2F3D /* Bo.jpg */,
				1C0BB01D199D472F009D2F3D /* BorderCollie.jpg */,
				1C0BB01E199D472F009D2F3D /* ItalianGreyhound.jpg */,
				1C0BB01F199D472F009D2F3D /* JRT.jpg */,
				1C0BB020199D472F009D2F3D /* St.Bernard.JPG */,
				1C0BAFEA199D1EB9009D2F3D /* Man's Best Friend-Info.plist */,
				1C0BAFEB199D1EB9009D2F3D /* InfoPlist.strings */,
				1C0BAFEE199D1EB9009D2F3D /* main.m */,
				1C0BAFF0199D1EB9009D2F3D /* Man's Best Friend-Prefix.pch */,
			);
			name = "Supporting Files";
			sourceTree = "<group>";
		};
		1C0BB007199D1EB9009D2F3D /* Man's Best FriendTests */ = {
			isa = PBXGroup;
			children = (
				1C0BB00D199D1EB9009D2F3D /* Man_s_Best_FriendTests.m */,
				1C0BB008199D1EB9009D2F3D /* Supporting Files */,
			);
			path = "Man's Best FriendTests";
			sourceTree = "<group>";
		};
		1C0BB008199D1EB9009D2F3D /* Supporting Files */ = {
			isa = PBXGroup;
			children = (
				1C0BB009199D1EB9009D2F3D /* Man's Best FriendTests-Info.plist */,
				1C0BB00A199D1EB9009D2F3D /* InfoPlist.strings */,
			);
			name = "Supporting Files";
			sourceTree = "<group>";
		};
/* End PBXGroup section */

/* Begin PBXNativeTarget section */
		1C0BAFDE199D1EB9009D2F3D /* Man's Best Friend */ = {
			isa = PBXNativeTarget;
			buildConfigurationList = 1C0BB011199D1EB9009D2F3D /* Build configuration list for PBXNativeTarget "Man's Best Friend" */;
			buildPhases = (
				1C0BAFDB199D1EB9009D2F3D /* Sources */,
				1C0BAFDC199D1EB9009D2F3D /* Frameworks */,
				1C0BAFDD199D1EB9009D2F3D /* Resources */,
			);
			buildRules = (
			);
			dependencies = (
			);
			name = "Man's Best Friend";
			productName = "Man's Best Friend";
			productReference = 1C0BAFDF199D1EB9009D2F3D /* Man's Best Friend.app */;
			productType = "com.apple.product-type.application";
		};
		1C0BAFFF199D1EB9009D2F3D /* Man's Best FriendTests */ = {
			isa = PBXNativeTarget;
			buildConfigurationList = 1C0BB014199D1EB9009D2F3D /* Build configuration list for PBXNativeTarget "Man's Best FriendTests" */;
			buildPhases = (
				1C0BAFFC199D1EB9009D2F3D /* Sources */,
				1C0BAFFD199D1EB9009D2F3D /* Frameworks */,
				1C0BAFFE199D1EB9009D2F3D /* Resources */,
			);
			buildRules = (
			);
			dependencies = (
				1C0BB006199D1EB9009D2F3D /* PBXTargetDependency */,
			);
			name = "Man's Best FriendTests";
			productName = "Man's Best FriendTests";
			productReference = 1C0BB000199D1EB9009D2F3D /* Man's Best FriendTests.xctest */;
			productType = "com.apple.product-type.bundle.unit-test";
		};
/* End PBXNativeTarget section */

/* Begin PBXProject section */
		1C0BAFD7199D1EB9009D2F3D /* Project object */ = {
			isa = PBXProject;
			attributes = {
				CLASSPREFIX = BW;
				LastUpgradeCheck = 0510;
				ORGANIZATIONNAME = "Bradley White";
				TargetAttributes = {
					1C0BAFFF199D1EB9009D2F3D = {
						TestTargetID = 1C0BAFDE199D1EB9009D2F3D;
					};
				};
			};
			buildConfigurationList = 1C0BAFDA199D1EB9009D2F3D /* Build configuration list for PBXProject "Man's Best Friend" */;
			compatibilityVersion = "Xcode 3.2";
			developmentRegion = English;
			hasScannedForEncodings = 0;
			knownRegions = (
				en,
				Base,
			);
			mainGroup = 1C0BAFD6199D1EB9009D2F3D;
			productRefGroup = 1C0BAFE0199D1EB9009D2F3D /* Products */;
			projectDirPath = "";
			projectRoot = "";
			targets = (
				1C0BAFDE199D1EB9009D2F3D /* Man's Best Friend */,
				1C0BAFFF199D1EB9009D2F3D /* Man's Best FriendTests */,
			);
		};
/* End PBXProject section */

/* Begin PBXResourcesBuildPhase section */
		1C0BAFDD199D1EB9009D2F3D /* Resources */ = {
			isa = PBXResourcesBuildPhase;
			buildActionMask = 2147483647;
			files = (
				1C0BB025199D472F009D2F3D /* St.Bernard.JPG in Resources */,
				1C0BB023199D472F009D2F3D /* ItalianGreyhound.jpg in Resources */,
				1C0BAFFB199D1EB9009D2F3D /* Images.xcassets in Resources */,
				1C0BB024199D472F009D2F3D /* JRT.jpg in Resources */,
				1C0BAFED199D1EB9009D2F3D /* InfoPlist.strings in Resources */,
				1C0BB022199D472F009D2F3D /* BorderCollie.jpg in Resources */,
				1C0BB021199D472F009D2F3D /* Bo.jpg in Resources */,
				1C0BAFF6199D1EB9009D2F3D /* Main.storyboard in Resources */,
			);
			runOnlyForDeploymentPostprocessing = 0;
		};
		1C0BAFFE199D1EB9009D2F3D /* Resources */ = {
			isa = PBXResourcesBuildPhase;
			buildActionMask = 2147483647;
			files = (
				1C0BB00C199D1EB9009D2F3D /* InfoPlist.strings in Resources */,
			);
			runOnlyForDeploymentPostprocessing = 0;
		};
/* End PBXResourcesBuildPhase section */

/* Begin PBXSourcesBuildPhase section */
		1C0BAFDB199D1EB9009D2F3D /* Sources */ = {
			isa = PBXSourcesBuildPhase;
			buildActionMask = 2147483647;
			files = (
				1C0BAFF9199D1EB9009D2F3D /* BWViewController.m in Sources */,
				1C0BB019199D2189009D2F3D /* BWDog.m in Sources */,
				1C0BAFEF199D1EB9009D2F3D /* main.m in Sources */,
				1C0BB028199D592B009D2F3D /* BWPuppy.m in Sources */,
				1C0BAFF3199D1EB9009D2F3D /* BWAppDelegate.m in Sources */,
			);
			runOnlyForDeploymentPostprocessing = 0;
		};
		1C0BAFFC199D1EB9009D2F3D /* Sources */ = {
			isa = PBXSourcesBuildPhase;
			buildActionMask = 2147483647;
			files = (
				1C0BB00E199D1EB9009D2F3D /* Man_s_Best_FriendTests.m in Sources */,
			);
			runOnlyForDeploymentPostprocessing = 0;
		};
/* End PBXSourcesBuildPhase section */

/* Begin PBXTargetDependency section */
		1C0BB006199D1EB9009D2F3D /* PBXTargetDependency */ = {
			isa = PBXTargetDependency;
			target = 1C0BAFDE199D1EB9009D2F3D /* Man's Best Friend */;
			targetProxy = 1C0BB005199D1EB9009D2F3D /* PBXContainerItemProxy */;
		};
/* End PBXTargetDependency section */

/* Begin PBXVariantGroup section */
		1C0BAFEB199D1EB9009D2F3D /* InfoPlist.strings */ = {
			isa = PBXVariantGroup;
			children = (
				1C0BAFEC199D1EB9009D2F3D /* en */,
			);
			name = InfoPlist.strings;
			sourceTree = "<group>";
		};
		1C0BAFF4199D1EB9009D2F3D /* Main.storyboard */ = {
			isa = PBXVariantGroup;
			children = (
				1C0BAFF5199D1EB9009D2F3D /* Base */,
			);
			name = Main.storyboard;
			sourceTree = "<group>";
		};
		1C0BB00A199D1EB9009D2F3D /* InfoPlist.strings */ = {
			isa = PBXVariantGroup;
			children = (
				1C0BB00B199D1EB9009D2F3D /* en */,
			);
			name = InfoPlist.strings;
			sourceTree = "<group>";
		};
/* End PBXVariantGroup section */

/* Begin XCBuildConfiguration section */
		1C0BB00F199D1EB9009D2F3D /* Debug */ = {
			isa = XCBuildConfiguration;
			buildSettings = {
				ALWAYS_SEARCH_USER_PATHS = NO;
				CLANG_CXX_LANGUAGE_STANDARD = "gnu++0x";
				CLANG_CXX_LIBRARY = "libc++";
				CLANG_ENABLE_MODULES = YES;
				CLANG_ENABLE_OBJC_ARC = YES;
				CLANG_WARN_BOOL_CONVERSION = YES;
				CLANG_WARN_CONSTANT_CONVERSION = YES;
				CLANG_WARN_DIRECT_OBJC_ISA_USAGE = YES_ERROR;
				CLANG_WARN_EMPTY_BODY = YES;
				CLANG_WARN_ENUM_CONVERSION = YES;
				CLANG_WARN_INT_CONVERSION = YES;
				CLANG_WARN_OBJC_ROOT_CLASS = YES_ERROR;
				CLANG_WARN__DUPLICATE_METHOD_MATCH = YES;
				"CODE_SIGN_IDENTITY[sdk=iphoneos*]" = "iPhone Developer";
				COPY_PHASE_STRIP = NO;
				GCC_C_LANGUAGE_STANDARD = gnu99;
				GCC_DYNAMIC_NO_PIC = NO;
				GCC_OPTIMIZATION_LEVEL = 0;
				GCC_PREPROCESSOR_DEFINITIONS = (
					"DEBUG=1",
					"$(inherited)",
				);
				GCC_SYMBOLS_PRIVATE_EXTERN = NO;
				GCC_WARN_64_TO_32_BIT_CONVERSION = YES;
				GCC_WARN_ABOUT_RETURN_TYPE = YES_ERROR;
				GCC_WARN_UNDECLARED_SELECTOR = YES;
				GCC_WARN_UNINITIALIZED_AUTOS = YES_AGGRESSIVE;
				GCC_WARN_UNUSED_FUNCTION = YES;
				GCC_WARN_UNUSED_VARIABLE = YES;
				IPHONEOS_DEPLOYMENT_TARGET = 7.1;
				ONLY_ACTIVE_ARCH = YES;
				SDKROOT = iphoneos;
			};
			name = Debug;
		};
		1C0BB010199D1EB9009D2F3D /* Release */ = {
			isa = XCBuildConfiguration;
			buildSettings = {
				ALWAYS_SEARCH_USER_PATHS = NO;
				CLANG_CXX_LANGUAGE_STANDARD = "gnu++0x";
				CLANG_CXX_LIBRARY = "libc++";
				CLANG_ENABLE_MODULES = YES;
				CLANG_ENABLE_OBJC_ARC = YES;
				CLANG_WARN_BOOL_CONVERSION = YES;
				CLANG_WARN_CONSTANT_CONVERSION = YES;
				CLANG_WARN_DIRECT_OBJC_ISA_USAGE = YES_ERROR;
				CLANG_WARN_EMPTY_BODY = YES;
				CLANG_WARN_ENUM_CONVERSION = YES;
				CLANG_WARN_INT_CONVERSION = YES;
				CLANG_WARN_OBJC_ROOT_CLASS = YES_ERROR;
				CLANG_WARN__DUPLICATE_METHOD_MATCH = YES;
				"CODE_SIGN_IDENTITY[sdk=iphoneos*]" = "iPhone Developer";
				COPY_PHASE_STRIP = YES;
				ENABLE_NS_ASSERTIONS = NO;
				GCC_C_LANGUAGE_STANDARD = gnu99;
				GCC_WARN_64_TO_32_BIT_CONVERSION = YES;
				GCC_WARN_ABOUT_RETURN_TYPE = YES_ERROR;
				GCC_WARN_UNDECLARED_SELECTOR = YES;
				GCC_WARN_UNINITIALIZED_AUTOS = YES_AGGRESSIVE;
				GCC_WARN_UNUSED_FUNCTION = YES;
				GCC_WARN_UNUSED_VARIABLE = YES;
				IPHONEOS_DEPLOYMENT_TARGET = 7.1;
				SDKROOT = iphoneos;
				VALIDATE_PRODUCT = YES;
			};
			name = Release;
		};
		1C0BB012199D1EB9009D2F3D /* Debug */ = {
			isa = XCBuildConfiguration;
			buildSettings = {
				ASSETCATALOG_COMPILER_APPICON_NAME = AppIcon;
				ASSETCATALOG_COMPILER_LAUNCHIMAGE_NAME = LaunchImage;
				GCC_PRECOMPILE_PREFIX_HEADER = YES;
				GCC_PREFIX_HEADER = "Man's Best Friend/Man's Best Friend-Prefix.pch";
				INFOPLIST_FILE = "Man's Best Friend/Man's Best Friend-Info.plist";
				PRODUCT_NAME = "$(TARGET_NAME)";
				WRAPPER_EXTENSION = app;
			};
			name = Debug;
		};
		1C0BB013199D1EB9009D2F3D /* Release */ = {
			isa = XCBuildConfiguration;
			buildSettings = {
				ASSETCATALOG_COMPILER_APPICON_NAME = AppIcon;
				ASSETCATALOG_COMPILER_LAUNCHIMAGE_NAME = LaunchImage;
				GCC_PRECOMPILE_PREFIX_HEADER = YES;
				GCC_PREFIX_HEADER = "Man's Best Friend/Man's Best Friend-Prefix.pch";
				INFOPLIST_FILE = "Man's Best Friend/Man's Best Friend-Info.plist";
				PRODUCT_NAME = "$(TARGET_NAME)";
				WRAPPER_EXTENSION = app;
			};
			name = Release;
		};
		1C0BB015199D1EB9009D2F3D /* Debug */ = {
			isa = XCBuildConfiguration;
			buildSettings = {
				BUNDLE_LOADER = "$(BUILT_PRODUCTS_DIR)/Man's Best Friend.app/Man's Best Friend";
				FRAMEWORK_SEARCH_PATHS = (
					"$(SDKROOT)/Developer/Library/Frameworks",
					"$(inherited)",
					"$(DEVELOPER_FRAMEWORKS_DIR)",
				);
				GCC_PRECOMPILE_PREFIX_HEADER = YES;
				GCC_PREFIX_HEADER = "Man's Best Friend/Man's Best Friend-Prefix.pch";
				GCC_PREPROCESSOR_DEFINITIONS = (
					"DEBUG=1",
					"$(inherited)",
				);
				INFOPLIST_FILE = "Man's Best FriendTests/Man's Best FriendTests-Info.plist";
				PRODUCT_NAME = "$(TARGET_NAME)";
				TEST_HOST = "$(BUNDLE_LOADER)";
				WRAPPER_EXTENSION = xctest;
			};
			name = Debug;
		};
		1C0BB016199D1EB9009D2F3D /* Release */ = {
			isa = XCBuildConfiguration;
			buildSettings = {
				BUNDLE_LOADER = "$(BUILT_PRODUCTS_DIR)/Man's Best Friend.app/Man's Best Friend";
				FRAMEWORK_SEARCH_PATHS = (
					"$(SDKROOT)/Developer/Library/Frameworks",
					"$(inherited)",
					"$(DEVELOPER_FRAMEWORKS_DIR)",
				);
				GCC_PRECOMPILE_PREFIX_HEADER = YES;
				GCC_PREFIX_HEADER = "Man's Best Friend/Man's Best Friend-Prefix.pch";
				INFOPLIST_FILE = "Man's Best FriendTests/Man's Best FriendTests-Info.plist";
				PRODUCT_NAME = "$(TARGET_NAME)";
				TEST_HOST = "$(BUNDLE_LOADER)";
				WRAPPER_EXTENSION = xctest;
			};
			name = Release;
		};
/* End XCBuildConfiguration section */

/* Begin XCConfigurationList section */
		1C0BAFDA199D1EB9009D2F3D /* Build configuration list for PBXProject "Man's Best Friend" */ = {
			isa = XCConfigurationList;
			buildConfigurations = (
				1C0BB00F199D1EB9009D2F3D /* Debug */,
				1C0BB010199D1EB9009D2F3D /* Release */,
			);
			defaultConfigurationIsVisible = 0;
			defaultConfigurationName = Release;
		};
		1C0BB011199D1EB9009D2F3D /* Build configuration list for PBXNativeTarget "Man's Best Friend" */ = {
			isa = XCConfigurationList;
			buildConfigurations = (
				1C0BB012199D1EB9009D2F3D /* Debug */,
				1C0BB013199D1EB9009D2F3D /* Release */,
			);
			defaultConfigurationIsVisible = 0;
		};
		1C0BB014199D1EB9009D2F3D /* Build configuration list for PBXNativeTarget "Man's Best FriendTests" */ = {
			isa = XCConfigurationList;
			buildConfigurations = (
				1C0BB015199D1EB9009D2F3D /* Debug */,
				1C0BB016199D1EB9009D2F3D /* Release */,
			);
			defaultConfigurationIsVisible = 0;
		};
/* End XCConfigurationList section */
	};
	rootObject = 1C0BAFD7199D1EB9009D2F3D /* Project object */;
}
